{
  "version": 4,
  "terraform_version": "1.1.6",
  "serial": 11,
  "lineage": "e4138175-5daa-4cd8-82ee-fd403c9b51c9",
  "outputs": {},
  "resources": [
    {
      "mode": "managed",
      "type": "azurerm_linux_virtual_machine",
      "name": "mylinuxvm",
      "provider": "provider[\"registry.terraform.io/hashicorp/azurerm\"]",
      "instances": [
        {
          "index_key": "vm1",
          "schema_version": 0,
          "attributes": {
            "additional_capabilities": [],
            "admin_password": null,
            "admin_ssh_key": [
              {
                "public_key": "ssh-rsa AAAAB3NzaC1yc2EAAAADAQABAAABgQDUG8ox4Y8E042Ix/ZzIsG9bXFSiP5r/NBWLv7E1ci085Z5Q6RtVnuCzHt3qmjM0L9BVdFlsJM8d0cVW1lArm/oXcc8jh/GHMMJeDKj8qThp+95EiLby7h21EO1mSDxRAFkNFR3Ou2BQCWXk7zBggwsBiTsr1oBIB2OqmsQculP9t8jl7y3Fh6lASodp01zx7NTIN28VK/B96r+zPoJB7AhXGq7kkUD/vMq6KZOjB1rPiPBUzxlV7IkVEl23WVyjoKiQo8U2nC4MTFmcaN1CXv3ffKO/Jj6CyifTVc1+B4u/00Yh0u8OAxwze03YKR4frCGpx2DTYlB4ohm1rFsXcDDRXGeu+bFoMnSKm+OuGu336QHMRxDc8emy0M5MtN8VKqA2u/rX0KkMsMKq92K6rgeksRVlQQkE4hCDpfbP1mWuGJc1dj/8rgiujckO7OJvfIhGzBuTTAz6JesqhwB3YhBhTDpbQP8OtxvElYgiBW6XKdPLvquiULYVLt0QDY4EW0= sudhi@DESKTOP-KSNSBL1\r\n ",
                "username": "azureuser"
              }
            ],
            "admin_username": "azureuser",
            "allow_extension_operations": true,
            "availability_set_id": "",
            "boot_diagnostics": [],
            "computer_name": "devlinux-vm1",
            "custom_data": "I2Nsb3VkLWNvbmZpZw0KcGFja2FnZV91cGdyYWRlOiBmYWxzZQ0KcGFja2FnZXM6DQogIC0gaHR0cGQNCndyaXRlX2ZpbGVzOg0KICAtIG93bmVyOiByb290OnJvb3QgDQogICAgcGF0aDogL3Zhci93d3cvaHRtbC9pbmRleC5odG1sDQogICAgY29udGVudDogfA0KICAgICAgPGgxPldlbGNvbWUgdG8gU3RhY2tTaW1wbGlmeSAtIEFQUC0xPC9oMT4NCiAgLSBvd25lcjogcm9vdDpyb290IA0KICAgIHBhdGg6IC92YXIvd3d3L2h0bWwvYXBwMS9pbmRleC5odG1sDQogICAgY29udGVudDogfA0KICAgICAgPCFET0NUWVBFIGh0bWw+IDxodG1sPiA8Ym9keSBzdHlsZT0iYmFja2dyb3VuZC1jb2xvcjpyZ2IoMjUwLCAyMTAsIDIxMCk7Ij4gPGgxPldlbGNvbWUgdG8gU3RhY2sgU2ltcGxpZnkgLSBBUFAtMTwvaDE+IDxwPlRlcnJhZm9ybSBEZW1vPC9wPiA8cD5BcHBsaWNhdGlvbiBWZXJzaW9uOiBWMTwvcD4gPC9ib2R5PjwvaHRtbD4gICAgICANCnJ1bmNtZDoNCiAgLSBzdWRvIHN5c3RlbWN0bCBzdGFydCBodHRwZCAgDQogIC0gc3VkbyBzeXN0ZW1jdGwgZW5hYmxlIGh0dHBkDQogIC0gc3VkbyBzeXN0ZW1jdGwgc3RvcCBmaXJld2FsbGQNCiAgLSBzdWRvIG1rZGlyIC92YXIvd3d3L2h0bWwvYXBwMSANCiAgLSBbc3VkbywgY3VybCwgLUgsICJNZXRhZGF0YTp0cnVlIiwgLS1ub3Byb3h5LCAiKiIsICJodHRwOi8vMTY5LjI1NC4xNjkuMjU0L21ldGFkYXRhL2luc3RhbmNlP2FwaS12ZXJzaW9uPTIwMjAtMDktMDEiLCAtbywgL3Zhci93d3cvaHRtbC9hcHAxL21ldGFkYXRhLmh0bWxdDQoNCg==",
            "dedicated_host_group_id": "",
            "dedicated_host_id": "",
            "disable_password_authentication": true,
            "encryption_at_host_enabled": false,
            "eviction_policy": "",
            "extensions_time_budget": "PT1H30M",
            "id": "/subscriptions/98765d86-9929-4503-a2b9-ce948a13f7db/resourceGroups/myrg-10/providers/Microsoft.Compute/virtualMachines/mylinuxvm-vm1",
            "identity": [],
            "license_type": "",
            "location": "eastus",
            "max_bid_price": -1,
            "name": "mylinuxvm-vm1",
            "network_interface_ids": [
              "/subscriptions/98765d86-9929-4503-a2b9-ce948a13f7db/resourceGroups/myrg-10/providers/Microsoft.Network/networkInterfaces/myvmic-vm1"
            ],
            "os_disk": [
              {
                "caching": "ReadWrite",
                "diff_disk_settings": [],
                "disk_encryption_set_id": "",
                "disk_size_gb": 64,
                "name": "osdiskvm1",
                "storage_account_type": "Standard_LRS",
                "write_accelerator_enabled": false
              }
            ],
            "patch_mode": "ImageDefault",
            "plan": [],
            "platform_fault_domain": -1,
            "priority": "Regular",
            "private_ip_address": "10.0.2.5",
            "private_ip_addresses": [
              "10.0.2.5"
            ],
            "provision_vm_agent": true,
            "proximity_placement_group_id": "",
            "public_ip_address": "20.106.240.135",
            "public_ip_addresses": [
              "20.106.240.135"
            ],
            "resource_group_name": "myrg-10",
            "secret": [],
            "secure_boot_enabled": false,
            "size": "Standard_DS1_v2",
            "source_image_id": "",
            "source_image_reference": [
              {
                "offer": "RHEL",
                "publisher": "RedHat",
                "sku": "83-Gen2",
                "version": "latest"
              }
            ],
            "tags": null,
            "timeouts": null,
            "user_data": "",
            "virtual_machine_id": "a39d87f1-48a8-4d51-999f-60de4a2af491",
            "virtual_machine_scale_set_id": "",
            "vtpm_enabled": false,
            "zone": ""
          },
          "sensitive_attributes": [],
          "private": "eyJlMmJmYjczMC1lY2FhLTExZTYtOGY4OC0zNDM2M2JjN2M0YzAiOnsiY3JlYXRlIjoyNzAwMDAwMDAwMDAwLCJkZWxldGUiOjI3MDAwMDAwMDAwMDAsInJlYWQiOjMwMDAwMDAwMDAwMCwidXBkYXRlIjoyNzAwMDAwMDAwMDAwfX0=",
          "dependencies": [
            "azurerm_network_interface.myvmnic",
            "azurerm_public_ip.mypublicIP",
            "azurerm_resource_group.mrg",
            "azurerm_subnet.mysubnet",
            "azurerm_virtual_network.mvnet",
            "random_string.myrandom"
          ]
        },
        {
          "index_key": "vm2",
          "schema_version": 0,
          "attributes": {
            "additional_capabilities": [],
            "admin_password": null,
            "admin_ssh_key": [
              {
                "public_key": "ssh-rsa AAAAB3NzaC1yc2EAAAADAQABAAABgQDUG8ox4Y8E042Ix/ZzIsG9bXFSiP5r/NBWLv7E1ci085Z5Q6RtVnuCzHt3qmjM0L9BVdFlsJM8d0cVW1lArm/oXcc8jh/GHMMJeDKj8qThp+95EiLby7h21EO1mSDxRAFkNFR3Ou2BQCWXk7zBggwsBiTsr1oBIB2OqmsQculP9t8jl7y3Fh6lASodp01zx7NTIN28VK/B96r+zPoJB7AhXGq7kkUD/vMq6KZOjB1rPiPBUzxlV7IkVEl23WVyjoKiQo8U2nC4MTFmcaN1CXv3ffKO/Jj6CyifTVc1+B4u/00Yh0u8OAxwze03YKR4frCGpx2DTYlB4ohm1rFsXcDDRXGeu+bFoMnSKm+OuGu336QHMRxDc8emy0M5MtN8VKqA2u/rX0KkMsMKq92K6rgeksRVlQQkE4hCDpfbP1mWuGJc1dj/8rgiujckO7OJvfIhGzBuTTAz6JesqhwB3YhBhTDpbQP8OtxvElYgiBW6XKdPLvquiULYVLt0QDY4EW0= sudhi@DESKTOP-KSNSBL1\r\n ",
                "username": "azureuser"
              }
            ],
            "admin_username": "azureuser",
            "allow_extension_operations": true,
            "availability_set_id": "",
            "boot_diagnostics": [],
            "computer_name": "devlinux-vm2",
            "custom_data": "I2Nsb3VkLWNvbmZpZw0KcGFja2FnZV91cGdyYWRlOiBmYWxzZQ0KcGFja2FnZXM6DQogIC0gaHR0cGQNCndyaXRlX2ZpbGVzOg0KICAtIG93bmVyOiByb290OnJvb3QgDQogICAgcGF0aDogL3Zhci93d3cvaHRtbC9pbmRleC5odG1sDQogICAgY29udGVudDogfA0KICAgICAgPGgxPldlbGNvbWUgdG8gU3RhY2tTaW1wbGlmeSAtIEFQUC0xPC9oMT4NCiAgLSBvd25lcjogcm9vdDpyb290IA0KICAgIHBhdGg6IC92YXIvd3d3L2h0bWwvYXBwMS9pbmRleC5odG1sDQogICAgY29udGVudDogfA0KICAgICAgPCFET0NUWVBFIGh0bWw+IDxodG1sPiA8Ym9keSBzdHlsZT0iYmFja2dyb3VuZC1jb2xvcjpyZ2IoMjUwLCAyMTAsIDIxMCk7Ij4gPGgxPldlbGNvbWUgdG8gU3RhY2sgU2ltcGxpZnkgLSBBUFAtMTwvaDE+IDxwPlRlcnJhZm9ybSBEZW1vPC9wPiA8cD5BcHBsaWNhdGlvbiBWZXJzaW9uOiBWMTwvcD4gPC9ib2R5PjwvaHRtbD4gICAgICANCnJ1bmNtZDoNCiAgLSBzdWRvIHN5c3RlbWN0bCBzdGFydCBodHRwZCAgDQogIC0gc3VkbyBzeXN0ZW1jdGwgZW5hYmxlIGh0dHBkDQogIC0gc3VkbyBzeXN0ZW1jdGwgc3RvcCBmaXJld2FsbGQNCiAgLSBzdWRvIG1rZGlyIC92YXIvd3d3L2h0bWwvYXBwMSANCiAgLSBbc3VkbywgY3VybCwgLUgsICJNZXRhZGF0YTp0cnVlIiwgLS1ub3Byb3h5LCAiKiIsICJodHRwOi8vMTY5LjI1NC4xNjkuMjU0L21ldGFkYXRhL2luc3RhbmNlP2FwaS12ZXJzaW9uPTIwMjAtMDktMDEiLCAtbywgL3Zhci93d3cvaHRtbC9hcHAxL21ldGFkYXRhLmh0bWxdDQoNCg==",
            "dedicated_host_group_id": "",
            "dedicated_host_id": "",
            "disable_password_authentication": true,
            "encryption_at_host_enabled": false,
            "eviction_policy": "",
            "extensions_time_budget": "PT1H30M",
            "id": "/subscriptions/98765d86-9929-4503-a2b9-ce948a13f7db/resourceGroups/myrg-10/providers/Microsoft.Compute/virtualMachines/mylinuxvm-vm2",
            "identity": [],
            "license_type": "",
            "location": "eastus",
            "max_bid_price": -1,
            "name": "mylinuxvm-vm2",
            "network_interface_ids": [
              "/subscriptions/98765d86-9929-4503-a2b9-ce948a13f7db/resourceGroups/myrg-10/providers/Microsoft.Network/networkInterfaces/myvmic-vm2"
            ],
            "os_disk": [
              {
                "caching": "ReadWrite",
                "diff_disk_settings": [],
                "disk_encryption_set_id": "",
                "disk_size_gb": 64,
                "name": "osdiskvm2",
                "storage_account_type": "Standard_LRS",
                "write_accelerator_enabled": false
              }
            ],
            "patch_mode": "ImageDefault",
            "plan": [],
            "platform_fault_domain": -1,
            "priority": "Regular",
            "private_ip_address": "10.0.2.4",
            "private_ip_addresses": [
              "10.0.2.4"
            ],
            "provision_vm_agent": true,
            "proximity_placement_group_id": "",
            "public_ip_address": "20.106.245.80",
            "public_ip_addresses": [
              "20.106.245.80"
            ],
            "resource_group_name": "myrg-10",
            "secret": [],
            "secure_boot_enabled": false,
            "size": "Standard_DS1_v2",
            "source_image_id": "",
            "source_image_reference": [
              {
                "offer": "RHEL",
                "publisher": "RedHat",
                "sku": "83-Gen2",
                "version": "latest"
              }
            ],
            "tags": null,
            "timeouts": null,
            "user_data": "",
            "virtual_machine_id": "f98193fc-d2cf-4a9a-9bf0-2f04daf7aeae",
            "virtual_machine_scale_set_id": "",
            "vtpm_enabled": false,
            "zone": ""
          },
          "sensitive_attributes": [],
          "private": "eyJlMmJmYjczMC1lY2FhLTExZTYtOGY4OC0zNDM2M2JjN2M0YzAiOnsiY3JlYXRlIjoyNzAwMDAwMDAwMDAwLCJkZWxldGUiOjI3MDAwMDAwMDAwMDAsInJlYWQiOjMwMDAwMDAwMDAwMCwidXBkYXRlIjoyNzAwMDAwMDAwMDAwfX0=",
          "dependencies": [
            "azurerm_network_interface.myvmnic",
            "azurerm_public_ip.mypublicIP",
            "azurerm_resource_group.mrg",
            "azurerm_subnet.mysubnet",
            "azurerm_virtual_network.mvnet",
            "random_string.myrandom"
          ]
        }
      ]
    },
    {
      "mode": "managed",
      "type": "azurerm_network_interface",
      "name": "myvmnic",
      "provider": "provider[\"registry.terraform.io/hashicorp/azurerm\"]",
      "instances": [
        {
          "index_key": "vm1",
          "schema_version": 0,
          "attributes": {
            "applied_dns_servers": [],
            "dns_servers": [],
            "enable_accelerated_networking": false,
            "enable_ip_forwarding": false,
            "id": "/subscriptions/98765d86-9929-4503-a2b9-ce948a13f7db/resourceGroups/myrg-10/providers/Microsoft.Network/networkInterfaces/myvmic-vm1",
            "internal_dns_name_label": "",
            "internal_domain_name_suffix": "zc5rzdiu5zbepdvwjst1qs1dya.bx.internal.cloudapp.net",
            "ip_configuration": [
              {
                "gateway_load_balancer_frontend_ip_configuration_id": "",
                "name": "internal",
                "primary": true,
                "private_ip_address": "10.0.2.5",
                "private_ip_address_allocation": "Dynamic",
                "private_ip_address_version": "IPv4",
                "public_ip_address_id": "/subscriptions/98765d86-9929-4503-a2b9-ce948a13f7db/resourceGroups/myrg-10/providers/Microsoft.Network/publicIPAddresses/mypublicIP-vm1",
                "subnet_id": "/subscriptions/98765d86-9929-4503-a2b9-ce948a13f7db/resourceGroups/myrg-10/providers/Microsoft.Network/virtualNetworks/myvnet132/subnets/my_subnet1"
              }
            ],
            "location": "eastus",
            "mac_address": "",
            "name": "myvmic-vm1",
            "private_ip_address": "10.0.2.5",
            "private_ip_addresses": [
              "10.0.2.5"
            ],
            "resource_group_name": "myrg-10",
            "tags": null,
            "timeouts": null,
            "virtual_machine_id": ""
          },
          "sensitive_attributes": [],
          "private": "eyJlMmJmYjczMC1lY2FhLTExZTYtOGY4OC0zNDM2M2JjN2M0YzAiOnsiY3JlYXRlIjoxODAwMDAwMDAwMDAwLCJkZWxldGUiOjE4MDAwMDAwMDAwMDAsInJlYWQiOjMwMDAwMDAwMDAwMCwidXBkYXRlIjoxODAwMDAwMDAwMDAwfX0=",
          "dependencies": [
            "azurerm_public_ip.mypublicIP",
            "azurerm_resource_group.mrg",
            "azurerm_subnet.mysubnet",
            "azurerm_virtual_network.mvnet",
            "random_string.myrandom"
          ]
        },
        {
          "index_key": "vm2",
          "schema_version": 0,
          "attributes": {
            "applied_dns_servers": [],
            "dns_servers": [],
            "enable_accelerated_networking": false,
            "enable_ip_forwarding": false,
            "id": "/subscriptions/98765d86-9929-4503-a2b9-ce948a13f7db/resourceGroups/myrg-10/providers/Microsoft.Network/networkInterfaces/myvmic-vm2",
            "internal_dns_name_label": "",
            "internal_domain_name_suffix": "zc5rzdiu5zbepdvwjst1qs1dya.bx.internal.cloudapp.net",
            "ip_configuration": [
              {
                "gateway_load_balancer_frontend_ip_configuration_id": "",
                "name": "internal",
                "primary": true,
                "private_ip_address": "10.0.2.4",
                "private_ip_address_allocation": "Dynamic",
                "private_ip_address_version": "IPv4",
                "public_ip_address_id": "/subscriptions/98765d86-9929-4503-a2b9-ce948a13f7db/resourceGroups/myrg-10/providers/Microsoft.Network/publicIPAddresses/mypublicIP-vm2",
                "subnet_id": "/subscriptions/98765d86-9929-4503-a2b9-ce948a13f7db/resourceGroups/myrg-10/providers/Microsoft.Network/virtualNetworks/myvnet132/subnets/my_subnet1"
              }
            ],
            "location": "eastus",
            "mac_address": "",
            "name": "myvmic-vm2",
            "private_ip_address": "10.0.2.4",
            "private_ip_addresses": [
              "10.0.2.4"
            ],
            "resource_group_name": "myrg-10",
            "tags": null,
            "timeouts": null,
            "virtual_machine_id": ""
          },
          "sensitive_attributes": [],
          "private": "eyJlMmJmYjczMC1lY2FhLTExZTYtOGY4OC0zNDM2M2JjN2M0YzAiOnsiY3JlYXRlIjoxODAwMDAwMDAwMDAwLCJkZWxldGUiOjE4MDAwMDAwMDAwMDAsInJlYWQiOjMwMDAwMDAwMDAwMCwidXBkYXRlIjoxODAwMDAwMDAwMDAwfX0=",
          "dependencies": [
            "azurerm_public_ip.mypublicIP",
            "azurerm_resource_group.mrg",
            "azurerm_subnet.mysubnet",
            "azurerm_virtual_network.mvnet",
            "random_string.myrandom"
          ]
        }
      ]
    },
    {
      "mode": "managed",
      "type": "azurerm_public_ip",
      "name": "mypublicIP",
      "provider": "provider[\"registry.terraform.io/hashicorp/azurerm\"]",
      "instances": [
        {
          "index_key": "vm1",
          "schema_version": 0,
          "attributes": {
            "allocation_method": "Static",
            "availability_zone": "No-Zone",
            "domain_name_label": "app1-vm-vm1-dagowm",
            "fqdn": "app1-vm-vm1-dagowm.eastus.cloudapp.azure.com",
            "id": "/subscriptions/98765d86-9929-4503-a2b9-ce948a13f7db/resourceGroups/myrg-10/providers/Microsoft.Network/publicIPAddresses/mypublicIP-vm1",
            "idle_timeout_in_minutes": 4,
            "ip_address": "20.106.240.135",
            "ip_tags": null,
            "ip_version": "IPv4",
            "location": "eastus",
            "name": "mypublicIP-vm1",
            "public_ip_prefix_id": null,
            "resource_group_name": "myrg-10",
            "reverse_fqdn": "",
            "sku": "Basic",
            "sku_tier": "Regional",
            "tags": {
              " enivornment": "Dev"
            },
            "timeouts": null,
            "zones": []
          },
          "sensitive_attributes": [],
          "private": "eyJlMmJmYjczMC1lY2FhLTExZTYtOGY4OC0zNDM2M2JjN2M0YzAiOnsiY3JlYXRlIjoxODAwMDAwMDAwMDAwLCJkZWxldGUiOjE4MDAwMDAwMDAwMDAsInJlYWQiOjMwMDAwMDAwMDAwMCwidXBkYXRlIjoxODAwMDAwMDAwMDAwfX0=",
          "dependencies": [
            "azurerm_resource_group.mrg",
            "random_string.myrandom"
          ]
        },
        {
          "index_key": "vm2",
          "schema_version": 0,
          "attributes": {
            "allocation_method": "Static",
            "availability_zone": "No-Zone",
            "domain_name_label": "app1-vm-vm2-dagowm",
            "fqdn": "app1-vm-vm2-dagowm.eastus.cloudapp.azure.com",
            "id": "/subscriptions/98765d86-9929-4503-a2b9-ce948a13f7db/resourceGroups/myrg-10/providers/Microsoft.Network/publicIPAddresses/mypublicIP-vm2",
            "idle_timeout_in_minutes": 4,
            "ip_address": "20.106.245.80",
            "ip_tags": null,
            "ip_version": "IPv4",
            "location": "eastus",
            "name": "mypublicIP-vm2",
            "public_ip_prefix_id": null,
            "resource_group_name": "myrg-10",
            "reverse_fqdn": "",
            "sku": "Basic",
            "sku_tier": "Regional",
            "tags": {
              " enivornment": "Dev"
            },
            "timeouts": null,
            "zones": []
          },
          "sensitive_attributes": [],
          "private": "eyJlMmJmYjczMC1lY2FhLTExZTYtOGY4OC0zNDM2M2JjN2M0YzAiOnsiY3JlYXRlIjoxODAwMDAwMDAwMDAwLCJkZWxldGUiOjE4MDAwMDAwMDAwMDAsInJlYWQiOjMwMDAwMDAwMDAwMCwidXBkYXRlIjoxODAwMDAwMDAwMDAwfX0=",
          "dependencies": [
            "azurerm_resource_group.mrg",
            "random_string.myrandom"
          ]
        }
      ]
    },
    {
      "mode": "managed",
      "type": "azurerm_resource_group",
      "name": "mrg",
      "provider": "provider[\"registry.terraform.io/hashicorp/azurerm\"]",
      "instances": [
        {
          "schema_version": 0,
          "attributes": {
            "id": "/subscriptions/98765d86-9929-4503-a2b9-ce948a13f7db/resourceGroups/myrg-10",
            "location": "eastus",
            "name": "myrg-10",
            "tags": null,
            "timeouts": null
          },
          "sensitive_attributes": [],
          "private": "eyJlMmJmYjczMC1lY2FhLTExZTYtOGY4OC0zNDM2M2JjN2M0YzAiOnsiY3JlYXRlIjo1NDAwMDAwMDAwMDAwLCJkZWxldGUiOjU0MDAwMDAwMDAwMDAsInJlYWQiOjMwMDAwMDAwMDAwMCwidXBkYXRlIjo1NDAwMDAwMDAwMDAwfX0="
        }
      ]
    },
    {
      "mode": "managed",
      "type": "azurerm_subnet",
      "name": "mysubnet",
      "provider": "provider[\"registry.terraform.io/hashicorp/azurerm\"]",
      "instances": [
        {
          "schema_version": 0,
          "attributes": {
            "address_prefix": "10.0.2.0/24",
            "address_prefixes": [
              "10.0.2.0/24"
            ],
            "delegation": [],
            "enforce_private_link_endpoint_network_policies": false,
            "enforce_private_link_service_network_policies": false,
            "id": "/subscriptions/98765d86-9929-4503-a2b9-ce948a13f7db/resourceGroups/myrg-10/providers/Microsoft.Network/virtualNetworks/myvnet132/subnets/my_subnet1",
            "name": "my_subnet1",
            "resource_group_name": "myrg-10",
            "service_endpoint_policy_ids": null,
            "service_endpoints": null,
            "timeouts": null,
            "virtual_network_name": "myvnet132"
          },
          "sensitive_attributes": [],
          "private": "eyJlMmJmYjczMC1lY2FhLTExZTYtOGY4OC0zNDM2M2JjN2M0YzAiOnsiY3JlYXRlIjoxODAwMDAwMDAwMDAwLCJkZWxldGUiOjE4MDAwMDAwMDAwMDAsInJlYWQiOjMwMDAwMDAwMDAwMCwidXBkYXRlIjoxODAwMDAwMDAwMDAwfX0=",
          "dependencies": [
            "azurerm_resource_group.mrg",
            "azurerm_virtual_network.mvnet"
          ]
        }
      ]
    },
    {
      "mode": "managed",
      "type": "azurerm_virtual_network",
      "name": "mvnet",
      "provider": "provider[\"registry.terraform.io/hashicorp/azurerm\"]",
      "instances": [
        {
          "schema_version": 0,
          "attributes": {
            "address_space": [
              "10.0.0.0/16"
            ],
            "bgp_community": "",
            "ddos_protection_plan": [],
            "dns_servers": [],
            "flow_timeout_in_minutes": 0,
            "guid": "8d1cbfc8-fe14-4742-8eb6-4ca7b84b63c0",
            "id": "/subscriptions/98765d86-9929-4503-a2b9-ce948a13f7db/resourceGroups/myrg-10/providers/Microsoft.Network/virtualNetworks/myvnet132",
            "location": "eastus",
            "name": "myvnet132",
            "resource_group_name": "myrg-10",
            "subnet": [],
            "tags": {
              "Environment": "Dev",
              "Name": "myvnet-1"
            },
            "timeouts": null,
            "vm_protection_enabled": false
          },
          "sensitive_attributes": [],
          "private": "eyJlMmJmYjczMC1lY2FhLTExZTYtOGY4OC0zNDM2M2JjN2M0YzAiOnsiY3JlYXRlIjoxODAwMDAwMDAwMDAwLCJkZWxldGUiOjE4MDAwMDAwMDAwMDAsInJlYWQiOjMwMDAwMDAwMDAwMCwidXBkYXRlIjoxODAwMDAwMDAwMDAwfX0=",
          "dependencies": [
            "azurerm_resource_group.mrg"
          ]
        }
      ]
    },
    {
      "mode": "managed",
      "type": "random_string",
      "name": "myrandom",
      "provider": "provider[\"registry.terraform.io/hashicorp/random\"]",
      "instances": [
        {
          "schema_version": 1,
          "attributes": {
            "id": "dagowm",
            "keepers": null,
            "length": 6,
            "lower": true,
            "min_lower": 0,
            "min_numeric": 0,
            "min_special": 0,
            "min_upper": 0,
            "number": false,
            "override_special": null,
            "result": "dagowm",
            "special": false,
            "upper": false
          },
          "sensitive_attributes": [],
          "private": "eyJzY2hlbWFfdmVyc2lvbiI6IjEifQ=="
        }
      ]
    }
  ]
}
