{
  "version": 4,
  "terraform_version": "1.1.6",
  "serial": 6,
  "lineage": "090e5cee-8c28-b86e-5957-0a72143af9f3",
  "outputs": {
    "resource_group_id": {
      "value": "/subscriptions/98765d86-9929-4503-a2b9-ce948a13f7db/resourceGroups/it-dev-myrg",
      "type": "string"
    },
    "resource_group_name": {
      "value": "it-dev-myrg",
      "type": "string"
    },
    "virtual_network_name": {
      "value": [
        "it-dev-vnet-0",
        "it-dev-vnet-1",
        "it-dev-vnet-2",
        "it-dev-vnet-3"
      ],
      "type": [
        "tuple",
        [
          "string",
          "string",
          "string",
          "string"
        ]
      ]
    }
  },
  "resources": [
    {
      "mode": "managed",
      "type": "azurerm_resource_group",
      "name": "myrg",
      "provider": "provider[\"registry.terraform.io/hashicorp/azurerm\"]",
      "instances": [
        {
          "schema_version": 0,
          "attributes": {
            "id": "/subscriptions/98765d86-9929-4503-a2b9-ce948a13f7db/resourceGroups/it-dev-myrg",
            "location": "eastus",
            "name": "it-dev-myrg",
            "tags": null,
            "timeouts": null
          },
          "sensitive_attributes": [],
          "private": "eyJlMmJmYjczMC1lY2FhLTExZTYtOGY4OC0zNDM2M2JjN2M0YzAiOnsiY3JlYXRlIjo1NDAwMDAwMDAwMDAwLCJkZWxldGUiOjU0MDAwMDAwMDAwMDAsInJlYWQiOjMwMDAwMDAwMDAwMCwidXBkYXRlIjo1NDAwMDAwMDAwMDAwfX0="
        }
      ]
    },
    {
      "mode": "managed",
      "type": "azurerm_virtual_network",
      "name": "myvnet",
      "provider": "provider[\"registry.terraform.io/hashicorp/azurerm\"]",
      "instances": [
        {
          "index_key": 0,
          "schema_version": 0,
          "attributes": {
            "address_space": [
              "10.0.0.0/16"
            ],
            "bgp_community": "",
            "ddos_protection_plan": [],
            "dns_servers": [],
            "flow_timeout_in_minutes": 0,
            "guid": "9eeb1c98-3eb7-4f1f-9193-ea70b021f776",
            "id": "/subscriptions/98765d86-9929-4503-a2b9-ce948a13f7db/resourceGroups/it-dev-myrg/providers/Microsoft.Network/virtualNetworks/it-dev-vnet-0",
            "location": "eastus",
            "name": "it-dev-vnet-0",
            "resource_group_name": "it-dev-myrg",
            "subnet": [],
            "tags": null,
            "timeouts": null,
            "vm_protection_enabled": false
          },
          "sensitive_attributes": [],
          "private": "eyJlMmJmYjczMC1lY2FhLTExZTYtOGY4OC0zNDM2M2JjN2M0YzAiOnsiY3JlYXRlIjoxODAwMDAwMDAwMDAwLCJkZWxldGUiOjE4MDAwMDAwMDAwMDAsInJlYWQiOjMwMDAwMDAwMDAwMCwidXBkYXRlIjoxODAwMDAwMDAwMDAwfX0=",
          "dependencies": [
            "azurerm_resource_group.myrg"
          ]
        },
        {
          "index_key": 1,
          "schema_version": 0,
          "attributes": {
            "address_space": [
              "10.0.0.0/16"
            ],
            "bgp_community": "",
            "ddos_protection_plan": [],
            "dns_servers": [],
            "flow_timeout_in_minutes": 0,
            "guid": "968f7d3e-fe2b-4826-aa13-4cf16d907210",
            "id": "/subscriptions/98765d86-9929-4503-a2b9-ce948a13f7db/resourceGroups/it-dev-myrg/providers/Microsoft.Network/virtualNetworks/it-dev-vnet-1",
            "location": "eastus",
            "name": "it-dev-vnet-1",
            "resource_group_name": "it-dev-myrg",
            "subnet": [],
            "tags": null,
            "timeouts": null,
            "vm_protection_enabled": false
          },
          "sensitive_attributes": [],
          "private": "eyJlMmJmYjczMC1lY2FhLTExZTYtOGY4OC0zNDM2M2JjN2M0YzAiOnsiY3JlYXRlIjoxODAwMDAwMDAwMDAwLCJkZWxldGUiOjE4MDAwMDAwMDAwMDAsInJlYWQiOjMwMDAwMDAwMDAwMCwidXBkYXRlIjoxODAwMDAwMDAwMDAwfX0=",
          "dependencies": [
            "azurerm_resource_group.myrg"
          ]
        },
        {
          "index_key": 2,
          "schema_version": 0,
          "attributes": {
            "address_space": [
              "10.0.0.0/16"
            ],
            "bgp_community": "",
            "ddos_protection_plan": [],
            "dns_servers": [],
            "flow_timeout_in_minutes": 0,
            "guid": "f468415e-4ee1-48fb-acab-be9c44823e9a",
            "id": "/subscriptions/98765d86-9929-4503-a2b9-ce948a13f7db/resourceGroups/it-dev-myrg/providers/Microsoft.Network/virtualNetworks/it-dev-vnet-2",
            "location": "eastus",
            "name": "it-dev-vnet-2",
            "resource_group_name": "it-dev-myrg",
            "subnet": [],
            "tags": null,
            "timeouts": null,
            "vm_protection_enabled": false
          },
          "sensitive_attributes": [],
          "private": "eyJlMmJmYjczMC1lY2FhLTExZTYtOGY4OC0zNDM2M2JjN2M0YzAiOnsiY3JlYXRlIjoxODAwMDAwMDAwMDAwLCJkZWxldGUiOjE4MDAwMDAwMDAwMDAsInJlYWQiOjMwMDAwMDAwMDAwMCwidXBkYXRlIjoxODAwMDAwMDAwMDAwfX0=",
          "dependencies": [
            "azurerm_resource_group.myrg"
          ]
        },
        {
          "index_key": 3,
          "schema_version": 0,
          "attributes": {
            "address_space": [
              "10.0.0.0/16"
            ],
            "bgp_community": "",
            "ddos_protection_plan": [],
            "dns_servers": [],
            "flow_timeout_in_minutes": 0,
            "guid": "0df42005-1440-43b6-9fcc-3513e1dc3894",
            "id": "/subscriptions/98765d86-9929-4503-a2b9-ce948a13f7db/resourceGroups/it-dev-myrg/providers/Microsoft.Network/virtualNetworks/it-dev-vnet-3",
            "location": "eastus",
            "name": "it-dev-vnet-3",
            "resource_group_name": "it-dev-myrg",
            "subnet": [],
            "tags": null,
            "timeouts": null,
            "vm_protection_enabled": false
          },
          "sensitive_attributes": [],
          "private": "eyJlMmJmYjczMC1lY2FhLTExZTYtOGY4OC0zNDM2M2JjN2M0YzAiOnsiY3JlYXRlIjoxODAwMDAwMDAwMDAwLCJkZWxldGUiOjE4MDAwMDAwMDAwMDAsInJlYWQiOjMwMDAwMDAwMDAwMCwidXBkYXRlIjoxODAwMDAwMDAwMDAwfX0=",
          "dependencies": [
            "azurerm_resource_group.myrg"
          ]
        }
      ]
    }
  ]
}
