{
  "version": 4,
  "terraform_version": "1.1.4",
  "serial": 3,
  "lineage": "a41c3694-946f-d463-870d-35b9b76c5bfb",
  "outputs": {},
  "resources": [
    {
      "mode": "managed",
      "type": "azurerm_resource_group",
      "name": "myrg1",
      "provider": "provider[\"registry.terraform.io/hashicorp/azurerm\"]",
      "instances": [
        {
          "schema_version": 0,
          "attributes": {
            "id": "/subscriptions/42fce4de-77a3-43cd-8eab-2afb44432f88/resourceGroups/myrg-13",
            "location": "eastus",
            "name": "myrg-13",
            "tags": null,
            "timeouts": null
          },
          "sensitive_attributes": [],
          "private": "eyJlMmJmYjczMC1lY2FhLTExZTYtOGY4OC0zNDM2M2JjN2M0YzAiOnsiY3JlYXRlIjo1NDAwMDAwMDAwMDAwLCJkZWxldGUiOjU0MDAwMDAwMDAwMDAsInJlYWQiOjMwMDAwMDAwMDAwMCwidXBkYXRlIjo1NDAwMDAwMDAwMDAwfX0="
        }
      ]
    },
    {
      "mode": "managed",
      "type": "azurerm_resource_group",
      "name": "myrg2",
      "provider": "provider[\"registry.terraform.io/hashicorp/azurerm\"].provider2-westUS",
      "instances": [
        {
          "schema_version": 0,
          "attributes": {
            "id": "/subscriptions/42fce4de-77a3-43cd-8eab-2afb44432f88/resourceGroups/myrg-14",
            "location": "westus",
            "name": "myrg-14",
            "tags": null,
            "timeouts": null
          },
          "sensitive_attributes": [],
          "private": "eyJlMmJmYjczMC1lY2FhLTExZTYtOGY4OC0zNDM2M2JjN2M0YzAiOnsiY3JlYXRlIjo1NDAwMDAwMDAwMDAwLCJkZWxldGUiOjU0MDAwMDAwMDAwMDAsInJlYWQiOjMwMDAwMDAwMDAwMCwidXBkYXRlIjo1NDAwMDAwMDAwMDAwfX0="
        }
      ]
    }
  ]
}
